// !$*UTF8*$!
{
	archiveVersion = 1;
	classes = {
	};
	objectVersion = 55;
	objects = {

/* Begin PBXBuildFile section */
		7272267D28179A8B001BE822 /* RoundedTextField.swift in Sources */ = {isa = PBXBuildFile; fileRef = 7272267C28179A8B001BE822 /* RoundedTextField.swift */; };
		7272267F28179EDF001BE822 /* NewMovieController.swift in Sources */ = {isa = PBXBuildFile; fileRef = 7272267E28179EDF001BE822 /* NewMovieController.swift */; };
		727226822817EC09001BE822 /* Mupee.xcdatamodeld in Sources */ = {isa = PBXBuildFile; fileRef = 727226802817EC09001BE822 /* Mupee.xcdatamodeld */; };
		7278A0C328164E8100B7B1F7 /* AppDelegate.swift in Sources */ = {isa = PBXBuildFile; fileRef = 7278A0C228164E8100B7B1F7 /* AppDelegate.swift */; };
		7278A0C528164E8100B7B1F7 /* SceneDelegate.swift in Sources */ = {isa = PBXBuildFile; fileRef = 7278A0C428164E8100B7B1F7 /* SceneDelegate.swift */; };
		7278A0CA28164E8100B7B1F7 /* Main.storyboard in Resources */ = {isa = PBXBuildFile; fileRef = 7278A0C828164E8100B7B1F7 /* Main.storyboard */; };
		7278A0CC28164E8300B7B1F7 /* Assets.xcassets in Resources */ = {isa = PBXBuildFile; fileRef = 7278A0CB28164E8300B7B1F7 /* Assets.xcassets */; };
		7278A0CF28164E8300B7B1F7 /* LaunchScreen.storyboard in Resources */ = {isa = PBXBuildFile; fileRef = 7278A0CD28164E8300B7B1F7 /* LaunchScreen.storyboard */; };
		7278A0D7281681AD00B7B1F7 /* MovieTableViewController.swift in Sources */ = {isa = PBXBuildFile; fileRef = 7278A0D6281681AD00B7B1F7 /* MovieTableViewController.swift */; };
		7278A0D92816886B00B7B1F7 /* MovieTableViewCell.swift in Sources */ = {isa = PBXBuildFile; fileRef = 7278A0D82816886B00B7B1F7 /* MovieTableViewCell.swift */; };
		7278A0DB2816D5E400B7B1F7 /* MovieDetailViewController.swift in Sources */ = {isa = PBXBuildFile; fileRef = 7278A0DA2816D5E400B7B1F7 /* MovieDetailViewController.swift */; };
		7278A0DD2816DA1D00B7B1F7 /* Movie.swift in Sources */ = {isa = PBXBuildFile; fileRef = 7278A0DC2816DA1D00B7B1F7 /* Movie.swift */; };
		7278A0E42816E4C900B7B1F7 /* MovieDetailHeaderView.swift in Sources */ = {isa = PBXBuildFile; fileRef = 7278A0E32816E4C900B7B1F7 /* MovieDetailHeaderView.swift */; };
		7278A0E62816E9AD00B7B1F7 /* MovieDetailIconTextCell.swift in Sources */ = {isa = PBXBuildFile; fileRef = 7278A0E52816E9AD00B7B1F7 /* MovieDetailIconTextCell.swift */; };
		7278A0E82816EB3F00B7B1F7 /* MovieDetailTextCell.swift in Sources */ = {isa = PBXBuildFile; fileRef = 7278A0E72816EB3F00B7B1F7 /* MovieDetailTextCell.swift */; };
		7278A0EB2816F82500B7B1F7 /* UIColor+Ext.swift in Sources */ = {isa = PBXBuildFile; fileRef = 7278A0EA2816F82500B7B1F7 /* UIColor+Ext.swift */; };
/* End PBXBuildFile section */

/* Begin PBXFileReference section */
		7272267C28179A8B001BE822 /* RoundedTextField.swift */ = {isa = PBXFileReference; lastKnownFileType = sourcecode.swift; path = RoundedTextField.swift; sourceTree = "<group>"; };
		7272267E28179EDF001BE822 /* NewMovieController.swift */ = {isa = PBXFileReference; lastKnownFileType = sourcecode.swift; path = NewMovieController.swift; sourceTree = "<group>"; };
		727226812817EC09001BE822 /* Mupee.xcdatamodel */ = {isa = PBXFileReference; lastKnownFileType = wrapper.xcdatamodel; path = Mupee.xcdatamodel; sourceTree = "<group>"; };
		7278A0BF28164E8100B7B1F7 /* Mupee.app */ = {isa = PBXFileReference; explicitFileType = wrapper.application; includeInIndex = 0; path = Mupee.app; sourceTree = BUILT_PRODUCTS_DIR; };
		7278A0C228164E8100B7B1F7 /* AppDelegate.swift */ = {isa = PBXFileReference; lastKnownFileType = sourcecode.swift; path = AppDelegate.swift; sourceTree = "<group>"; };
		7278A0C428164E8100B7B1F7 /* SceneDelegate.swift */ = {isa = PBXFileReference; lastKnownFileType = sourcecode.swift; path = SceneDelegate.swift; sourceTree = "<group>"; };
		7278A0C928164E8100B7B1F7 /* Base */ = {isa = PBXFileReference; lastKnownFileType = file.storyboard; name = Base; path = Base.lproj/Main.storyboard; sourceTree = "<group>"; };
		7278A0CB28164E8300B7B1F7 /* Assets.xcassets */ = {isa = PBXFileReference; lastKnownFileType = folder.assetcatalog; path = Assets.xcassets; sourceTree = "<group>"; };
		7278A0CE28164E8300B7B1F7 /* Base */ = {isa = PBXFileReference; lastKnownFileType = file.storyboard; name = Base; path = Base.lproj/LaunchScreen.storyboard; sourceTree = "<group>"; };
		7278A0D028164E8300B7B1F7 /* Info.plist */ = {isa = PBXFileReference; lastKnownFileType = text.plist.xml; path = Info.plist; sourceTree = "<group>"; };
		7278A0D6281681AD00B7B1F7 /* MovieTableViewController.swift */ = {isa = PBXFileReference; lastKnownFileType = sourcecode.swift; path = MovieTableViewController.swift; sourceTree = "<group>"; };
		7278A0D82816886B00B7B1F7 /* MovieTableViewCell.swift */ = {isa = PBXFileReference; lastKnownFileType = sourcecode.swift; path = MovieTableViewCell.swift; sourceTree = "<group>"; };
		7278A0DA2816D5E400B7B1F7 /* MovieDetailViewController.swift */ = {isa = PBXFileReference; lastKnownFileType = sourcecode.swift; path = MovieDetailViewController.swift; sourceTree = "<group>"; };
		7278A0DC2816DA1D00B7B1F7 /* Movie.swift */ = {isa = PBXFileReference; lastKnownFileType = sourcecode.swift; path = Movie.swift; sourceTree = "<group>"; };
		7278A0E32816E4C900B7B1F7 /* MovieDetailHeaderView.swift */ = {isa = PBXFileReference; lastKnownFileType = sourcecode.swift; path = MovieDetailHeaderView.swift; sourceTree = "<group>"; };
		7278A0E52816E9AD00B7B1F7 /* MovieDetailIconTextCell.swift */ = {isa = PBXFileReference; lastKnownFileType = sourcecode.swift; path = MovieDetailIconTextCell.swift; sourceTree = "<group>"; };
		7278A0E72816EB3F00B7B1F7 /* MovieDetailTextCell.swift */ = {isa = PBXFileReference; lastKnownFileType = sourcecode.swift; path = MovieDetailTextCell.swift; sourceTree = "<group>"; };
		7278A0EA2816F82500B7B1F7 /* UIColor+Ext.swift */ = {isa = PBXFileReference; lastKnownFileType = sourcecode.swift; path = "UIColor+Ext.swift"; sourceTree = "<group>"; };
/* End PBXFileReference section */

/* Begin PBXFrameworksBuildPhase section */
		7278A0BC28164E8100B7B1F7 /* Frameworks */ = {
			isa = PBXFrameworksBuildPhase;
			buildActionMask = 2147483647;
			files = (
			);
			runOnlyForDeploymentPostprocessing = 0;
		};
/* End PBXFrameworksBuildPhase section */

/* Begin PBXGroup section */
		7278A0B628164E8100B7B1F7 = {
			isa = PBXGroup;
			children = (
				7278A0C128164E8100B7B1F7 /* Mupee */,
				7278A0C028164E8100B7B1F7 /* Products */,
			);
			sourceTree = "<group>";
		};
		7278A0C028164E8100B7B1F7 /* Products */ = {
			isa = PBXGroup;
			children = (
				7278A0BF28164E8100B7B1F7 /* Mupee.app */,
			);
			name = Products;
			sourceTree = "<group>";
		};
		7278A0C128164E8100B7B1F7 /* Mupee */ = {
			isa = PBXGroup;
			children = (
				7278A0E92816F80B00B7B1F7 /* Extensions */,
				7278A0E12816E07000B7B1F7 /* Storyboard */,
				7278A0E02816E05600B7B1F7 /* Model */,
				7278A0DF2816E04300B7B1F7 /* View */,
				7278A0DE2816E01A00B7B1F7 /* Controller */,
				7278A0C228164E8100B7B1F7 /* AppDelegate.swift */,
				7278A0C428164E8100B7B1F7 /* SceneDelegate.swift */,
				7278A0CB28164E8300B7B1F7 /* Assets.xcassets */,
				7278A0D028164E8300B7B1F7 /* Info.plist */,
				727226802817EC09001BE822 /* Mupee.xcdatamodeld */,
			);
			path = Mupee;
			sourceTree = "<group>";
		};
		7278A0DE2816E01A00B7B1F7 /* Controller */ = {
			isa = PBXGroup;
			children = (
				7278A0D6281681AD00B7B1F7 /* MovieTableViewController.swift */,
				7278A0DA2816D5E400B7B1F7 /* MovieDetailViewController.swift */,
				7272267E28179EDF001BE822 /* NewMovieController.swift */,
			);
			path = Controller;
			sourceTree = "<group>";
		};
		7278A0DF2816E04300B7B1F7 /* View */ = {
			isa = PBXGroup;
			children = (
				7278A0E72816EB3F00B7B1F7 /* MovieDetailTextCell.swift */,
				7278A0E52816E9AD00B7B1F7 /* MovieDetailIconTextCell.swift */,
				7278A0E32816E4C900B7B1F7 /* MovieDetailHeaderView.swift */,
				7278A0D82816886B00B7B1F7 /* MovieTableViewCell.swift */,
				7272267C28179A8B001BE822 /* RoundedTextField.swift */,
			);
			path = View;
			sourceTree = "<group>";
		};
		7278A0E02816E05600B7B1F7 /* Model */ = {
			isa = PBXGroup;
			children = (
				7278A0DC2816DA1D00B7B1F7 /* Movie.swift */,
			);
			path = Model;
			sourceTree = "<group>";
		};
		7278A0E12816E07000B7B1F7 /* Storyboard */ = {
			isa = PBXGroup;
			children = (
				7278A0CD28164E8300B7B1F7 /* LaunchScreen.storyboard */,
				7278A0C828164E8100B7B1F7 /* Main.storyboard */,
			);
			path = Storyboard;
			sourceTree = "<group>";
		};
		7278A0E92816F80B00B7B1F7 /* Extensions */ = {
			isa = PBXGroup;
			children = (
				7278A0EA2816F82500B7B1F7 /* UIColor+Ext.swift */,
			);
			path = Extensions;
			sourceTree = "<group>";
		};
/* End PBXGroup section */

/* Begin PBXNativeTarget section */
		7278A0BE28164E8100B7B1F7 /* Mupee */ = {
			isa = PBXNativeTarget;
			buildConfigurationList = 7278A0D328164E8300B7B1F7 /* Build configuration list for PBXNativeTarget "Mupee" */;
			buildPhases = (
				7278A0BB28164E8100B7B1F7 /* Sources */,
				7278A0BC28164E8100B7B1F7 /* Frameworks */,
				7278A0BD28164E8100B7B1F7 /* Resources */,
			);
			buildRules = (
			);
			dependencies = (
			);
			name = Mupee;
			productName = Mupee;
			productReference = 7278A0BF28164E8100B7B1F7 /* Mupee.app */;
			productType = "com.apple.product-type.application";
		};
/* End PBXNativeTarget section */

/* Begin PBXProject section */
		7278A0B728164E8100B7B1F7 /* Project object */ = {
			isa = PBXProject;
			attributes = {
				BuildIndependentTargetsInParallel = 1;
				LastSwiftUpdateCheck = 1330;
				LastUpgradeCheck = 1330;
				TargetAttributes = {
					7278A0BE28164E8100B7B1F7 = {
						CreatedOnToolsVersion = 13.3.1;
					};
				};
			};
			buildConfigurationList = 7278A0BA28164E8100B7B1F7 /* Build configuration list for PBXProject "Mupee" */;
			compatibilityVersion = "Xcode 13.0";
			developmentRegion = en;
			hasScannedForEncodings = 0;
			knownRegions = (
				en,
				Base,
			);
			mainGroup = 7278A0B628164E8100B7B1F7;
			productRefGroup = 7278A0C028164E8100B7B1F7 /* Products */;
			projectDirPath = "";
			projectRoot = "";
			targets = (
				7278A0BE28164E8100B7B1F7 /* Mupee */,
			);
		};
/* End PBXProject section */

/* Begin PBXResourcesBuildPhase section */
		7278A0BD28164E8100B7B1F7 /* Resources */ = {
			isa = PBXResourcesBuildPhase;
			buildActionMask = 2147483647;
			files = (
				7278A0CF28164E8300B7B1F7 /* LaunchScreen.storyboard in Resources */,
				7278A0CC28164E8300B7B1F7 /* Assets.xcassets in Resources */,
				7278A0CA28164E8100B7B1F7 /* Main.storyboard in Resources */,
			);
			runOnlyForDeploymentPostprocessing = 0;
		};
/* End PBXResourcesBuildPhase section */

/* Begin PBXSourcesBuildPhase section */
		7278A0BB28164E8100B7B1F7 /* Sources */ = {
			isa = PBXSourcesBuildPhase;
			buildActionMask = 2147483647;
			files = (
				7278A0C328164E8100B7B1F7 /* AppDelegate.swift in Sources */,
				7272267F28179EDF001BE822 /* NewMovieController.swift in Sources */,
				7278A0E62816E9AD00B7B1F7 /* MovieDetailIconTextCell.swift in Sources */,
				7278A0DB2816D5E400B7B1F7 /* MovieDetailViewController.swift in Sources */,
				7278A0E42816E4C900B7B1F7 /* MovieDetailHeaderView.swift in Sources */,
				7278A0DD2816DA1D00B7B1F7 /* Movie.swift in Sources */,
				7278A0E82816EB3F00B7B1F7 /* MovieDetailTextCell.swift in Sources */,
				727226822817EC09001BE822 /* Mupee.xcdatamodeld in Sources */,
				7278A0C528164E8100B7B1F7 /* SceneDelegate.swift in Sources */,
				7272267D28179A8B001BE822 /* RoundedTextField.swift in Sources */,
				7278A0EB2816F82500B7B1F7 /* UIColor+Ext.swift in Sources */,
				7278A0D92816886B00B7B1F7 /* MovieTableViewCell.swift in Sources */,
				7278A0D7281681AD00B7B1F7 /* MovieTableViewController.swift in Sources */,
			);
			runOnlyForDeploymentPostprocessing = 0;
		};
/* End PBXSourcesBuildPhase section */

/* Begin PBXVariantGroup section */
		7278A0C828164E8100B7B1F7 /* Main.storyboard */ = {
			isa = PBXVariantGroup;
			children = (
				7278A0C928164E8100B7B1F7 /* Base */,
			);
			name = Main.storyboard;
			sourceTree = "<group>";
		};
		7278A0CD28164E8300B7B1F7 /* LaunchScreen.storyboard */ = {
			isa = PBXVariantGroup;
			children = (
				7278A0CE28164E8300B7B1F7 /* Base */,
			);
			name = LaunchScreen.storyboard;
			sourceTree = "<group>";
		};
/* End PBXVariantGroup section */

/* Begin XCBuildConfiguration section */
		7278A0D128164E8300B7B1F7 /* Debug */ = {
			isa = XCBuildConfiguration;
			buildSettings = {
				ALWAYS_SEARCH_USER_PATHS = NO;
				CLANG_ANALYZER_NONNULL = YES;
				CLANG_ANALYZER_NUMBER_OBJECT_CONVERSION = YES_AGGRESSIVE;
				CLANG_CXX_LANGUAGE_STANDARD = "gnu++17";
				CLANG_ENABLE_MODULES = YES;
				CLANG_ENABLE_OBJC_ARC = YES;
				CLANG_ENABLE_OBJC_WEAK = YES;
				CLANG_WARN_BLOCK_CAPTURE_AUTORELEASING = YES;
				CLANG_WARN_BOOL_CONVERSION = YES;
				CLANG_WARN_COMMA = YES;
				CLANG_WARN_CONSTANT_CONVERSION = YES;
				CLANG_WARN_DEPRECATED_OBJC_IMPLEMENTATIONS = YES;
				CLANG_WARN_DIRECT_OBJC_ISA_USAGE = YES_ERROR;
				CLANG_WARN_DOCUMENTATION_COMMENTS = YES;
				CLANG_WARN_EMPTY_BODY = YES;
				CLANG_WARN_ENUM_CONVERSION = YES;
				CLANG_WARN_INFINITE_RECURSION = YES;
				CLANG_WARN_INT_CONVERSION = YES;
				CLANG_WARN_NON_LITERAL_NULL_CONVERSION = YES;
				CLANG_WARN_OBJC_IMPLICIT_RETAIN_SELF = YES;
				CLANG_WARN_OBJC_LITERAL_CONVERSION = YES;
				CLANG_WARN_OBJC_ROOT_CLASS = YES_ERROR;
				CLANG_WARN_QUOTED_INCLUDE_IN_FRAMEWORK_HEADER = YES;
				CLANG_WARN_RANGE_LOOP_ANALYSIS = YES;
				CLANG_WARN_STRICT_PROTOTYPES = YES;
				CLANG_WARN_SUSPICIOUS_MOVE = YES;
				CLANG_WARN_UNGUARDED_AVAILABILITY = YES_AGGRESSIVE;
				CLANG_WARN_UNREACHABLE_CODE = YES;
				CLANG_WARN__DUPLICATE_METHOD_MATCH = YES;
				COPY_PHASE_STRIP = NO;
				DEBUG_INFORMATION_FORMAT = dwarf;
				ENABLE_STRICT_OBJC_MSGSEND = YES;
				ENABLE_TESTABILITY = YES;
				GCC_C_LANGUAGE_STANDARD = gnu11;
				GCC_DYNAMIC_NO_PIC = NO;
				GCC_NO_COMMON_BLOCKS = YES;
				GCC_OPTIMIZATION_LEVEL = 0;
				GCC_PREPROCESSOR_DEFINITIONS = (
					"DEBUG=1",
					"$(inherited)",
				);
				GCC_WARN_64_TO_32_BIT_CONVERSION = YES;
				GCC_WARN_ABOUT_RETURN_TYPE = YES_ERROR;
				GCC_WARN_UNDECLARED_SELECTOR = YES;
				GCC_WARN_UNINITIALIZED_AUTOS = YES_AGGRESSIVE;
				GCC_WARN_UNUSED_FUNCTION = YES;
				GCC_WARN_UNUSED_VARIABLE = YES;
				IPHONEOS_DEPLOYMENT_TARGET = 15.4;
				MTL_ENABLE_DEBUG_INFO = INCLUDE_SOURCE;
				MTL_FAST_MATH = YES;
				ONLY_ACTIVE_ARCH = YES;
				SDKROOT = iphoneos;
				SWIFT_ACTIVE_COMPILATION_CONDITIONS = DEBUG;
				SWIFT_OPTIMIZATION_LEVEL = "-Onone";
			};
			name = Debug;
		};
		7278A0D228164E8300B7B1F7 /* Release */ = {
			isa = XCBuildConfiguration;
			buildSettings = {
				ALWAYS_SEARCH_USER_PATHS = NO;
				CLANG_ANALYZER_NONNULL = YES;
				CLANG_ANALYZER_NUMBER_OBJECT_CONVERSION = YES_AGGRESSIVE;
				CLANG_CXX_LANGUAGE_STANDARD = "gnu++17";
				CLANG_ENABLE_MODULES = YES;
				CLANG_ENABLE_OBJC_ARC = YES;
				CLANG_ENABLE_OBJC_WEAK = YES;
				CLANG_WARN_BLOCK_CAPTURE_AUTORELEASING = YES;
				CLANG_WARN_BOOL_CONVERSION = YES;
				CLANG_WARN_COMMA = YES;
				CLANG_WARN_CONSTANT_CONVERSION = YES;
				CLANG_WARN_DEPRECATED_OBJC_IMPLEMENTATIONS = YES;
				CLANG_WARN_DIRECT_OBJC_ISA_USAGE = YES_ERROR;
				CLANG_WARN_DOCUMENTATION_COMMENTS = YES;
				CLANG_WARN_EMPTY_BODY = YES;
				CLANG_WARN_ENUM_CONVERSION = YES;
				CLANG_WARN_INFINITE_RECURSION = YES;
				CLANG_WARN_INT_CONVERSION = YES;
				CLANG_WARN_NON_LITERAL_NULL_CONVERSION = YES;
				CLANG_WARN_OBJC_IMPLICIT_RETAIN_SELF = YES;
				CLANG_WARN_OBJC_LITERAL_CONVERSION = YES;
				CLANG_WARN_OBJC_ROOT_CLASS = YES_ERROR;
				CLANG_WARN_QUOTED_INCLUDE_IN_FRAMEWORK_HEADER = YES;
				CLANG_WARN_RANGE_LOOP_ANALYSIS = YES;
				CLANG_WARN_STRICT_PROTOTYPES = YES;
				CLANG_WARN_SUSPICIOUS_MOVE = YES;
				CLANG_WARN_UNGUARDED_AVAILABILITY = YES_AGGRESSIVE;
				CLANG_WARN_UNREACHABLE_CODE = YES;
				CLANG_WARN__DUPLICATE_METHOD_MATCH = YES;
				COPY_PHASE_STRIP = NO;
				DEBUG_INFORMATION_FORMAT = "dwarf-with-dsym";
				ENABLE_NS_ASSERTIONS = NO;
				ENABLE_STRICT_OBJC_MSGSEND = YES;
				GCC_C_LANGUAGE_STANDARD = gnu11;
				GCC_NO_COMMON_BLOCKS = YES;
				GCC_WARN_64_TO_32_BIT_CONVERSION = YES;
				GCC_WARN_ABOUT_RETURN_TYPE = YES_ERROR;
				GCC_WARN_UNDECLARED_SELECTOR = YES;
				GCC_WARN_UNINITIALIZED_AUTOS = YES_AGGRESSIVE;
				GCC_WARN_UNUSED_FUNCTION = YES;
				GCC_WARN_UNUSED_VARIABLE = YES;
				IPHONEOS_DEPLOYMENT_TARGET = 15.4;
				MTL_ENABLE_DEBUG_INFO = NO;
				MTL_FAST_MATH = YES;
				SDKROOT = iphoneos;
				SWIFT_COMPILATION_MODE = wholemodule;
				SWIFT_OPTIMIZATION_LEVEL = "-O";
				VALIDATE_PRODUCT = YES;
			};
			name = Release;
		};
		7278A0D428164E8300B7B1F7 /* Debug */ = {
			isa = XCBuildConfiguration;
			buildSettings = {
				ASSETCATALOG_COMPILER_APPICON_NAME = AppIcon;
				ASSETCATALOG_COMPILER_GLOBAL_ACCENT_COLOR_NAME = AccentColor;
				CODE_SIGN_STYLE = Automatic;
				CURRENT_PROJECT_VERSION = 1;
				DEVELOPMENT_TEAM = 58LNBVCQG4;
				GENERATE_INFOPLIST_FILE = YES;
				INFOPLIST_FILE = Mupee/Info.plist;
				INFOPLIST_KEY_UIApplicationSupportsIndirectInputEvents = YES;
				INFOPLIST_KEY_UILaunchStoryboardName = LaunchScreen;
				INFOPLIST_KEY_UIMainStoryboardFile = Main;
				INFOPLIST_KEY_UISupportedInterfaceOrientations_iPad = "UIInterfaceOrientationPortrait UIInterfaceOrientationPortraitUpsideDown UIInterfaceOrientationLandscapeLeft UIInterfaceOrientationLandscapeRight";
				INFOPLIST_KEY_UISupportedInterfaceOrientations_iPhone = "UIInterfaceOrientationPortrait UIInterfaceOrientationLandscapeLeft UIInterfaceOrientationLandscapeRight";
				LD_RUNPATH_SEARCH_PATHS = (
					"$(inherited)",
					"@executable_path/Frameworks",
				);
				MARKETING_VERSION = 1.0;
				PRODUCT_BUNDLE_IDENTIFIER = ADA.Mupee;
				PRODUCT_NAME = "$(TARGET_NAME)";
				SWIFT_EMIT_LOC_STRINGS = YES;
				SWIFT_VERSION = 5.0;
				TARGETED_DEVICE_FAMILY = "1,2";
			};
			name = Debug;
		};
		7278A0D528164E8300B7B1F7 /* Release */ = {
			isa = XCBuildConfiguration;
			buildSettings = {
				ASSETCATALOG_COMPILER_APPICON_NAME = AppIcon;
				ASSETCATALOG_COMPILER_GLOBAL_ACCENT_COLOR_NAME = AccentColor;
				CODE_SIGN_STYLE = Automatic;
				CURRENT_PROJECT_VERSION = 1;
				DEVELOPMENT_TEAM = 58LNBVCQG4;
				GENERATE_INFOPLIST_FILE = YES;
				INFOPLIST_FILE = Mupee/Info.plist;
				INFOPLIST_KEY_UIApplicationSupportsIndirectInputEvents = YES;
				INFOPLIST_KEY_UILaunchStoryboardName = LaunchScreen;
				INFOPLIST_KEY_UIMainStoryboardFile = Main;
				INFOPLIST_KEY_UISupportedInterfaceOrientations_iPad = "UIInterfaceOrientationPortrait UIInterfaceOrientationPortraitUpsideDown UIInterfaceOrientationLandscapeLeft UIInterfaceOrientationLandscapeRight";
				INFOPLIST_KEY_UISupportedInterfaceOrientations_iPhone = "UIInterfaceOrientationPortrait UIInterfaceOrientationLandscapeLeft UIInterfaceOrientationLandscapeRight";
				LD_RUNPATH_SEARCH_PATHS = (
					"$(inherited)",
					"@executable_path/Frameworks",
				);
				MARKETING_VERSION = 1.0;
				PRODUCT_BUNDLE_IDENTIFIER = ADA.Mupee;
				PRODUCT_NAME = "$(TARGET_NAME)";
				SWIFT_EMIT_LOC_STRINGS = YES;
				SWIFT_VERSION = 5.0;
				TARGETED_DEVICE_FAMILY = "1,2";
			};
			name = Release;
		};
/* End XCBuildConfiguration section */

/* Begin XCConfigurationList section */
		7278A0BA28164E8100B7B1F7 /* Build configuration list for PBXProject "Mupee" */ = {
			isa = XCConfigurationList;
			buildConfigurations = (
				7278A0D128164E8300B7B1F7 /* Debug */,
				7278A0D228164E8300B7B1F7 /* Release */,
			);
			defaultConfigurationIsVisible = 0;
			defaultConfigurationName = Release;
		};
		7278A0D328164E8300B7B1F7 /* Build configuration list for PBXNativeTarget "Mupee" */ = {
			isa = XCConfigurationList;
			buildConfigurations = (
				7278A0D428164E8300B7B1F7 /* Debug */,
				7278A0D528164E8300B7B1F7 /* Release */,
			);
			defaultConfigurationIsVisible = 0;
			defaultConfigurationName = Release;
		};
/* End XCConfigurationList section */

/* Begin XCVersionGroup section */
		727226802817EC09001BE822 /* Mupee.xcdatamodeld */ = {
			isa = XCVersionGroup;
			children = (
				727226812817EC09001BE822 /* Mupee.xcdatamodel */,
			);
			currentVersion = 727226812817EC09001BE822 /* Mupee.xcdatamodel */;
			path = Mupee.xcdatamodeld;
			sourceTree = "<group>";
			versionGroupType = wrapper.xcdatamodel;
		};
/* End XCVersionGroup section */
	};
	rootObject = 7278A0B728164E8100B7B1F7 /* Project object */;
}
